<Solution>
  <Project Path="Api/Api.csproj" />
  <Project Path="Application/Application.csproj" />
  <Project Path="Domain/Domain.csproj" />
  <Project Path="Infrastructure/Infrastructure.csproj" />
  <Project Path="Tests/Tests.csproj" />
  <Project Path="Tests/Monolegal.Domain.Tests/Monolegal.Domain.Tests.csproj" />
</Solution>
